// !$*UTF8*$!
{
	archiveVersion = 1;
	classes = {
	};
	objectVersion = 56;
	objects = {

/* Begin PBXBuildFile section */
		AB85CE652C87B5DE002259E9 /* CLIPSCore in Frameworks */ = {isa = PBXBuildFile; productRef = AB85CE642C87B5DE002259E9 /* CLIPSCore */; };
		AB85CE672C87B5DE002259E9 /* CLIPSRules in Frameworks */ = {isa = PBXBuildFile; productRef = AB85CE662C87B5DE002259E9 /* CLIPSRules */; };
		AB958B022C0F926400D36354 /* CLIPSRunnerApp.swift in Sources */ = {isa = PBXBuildFile; fileRef = AB958B012C0F926400D36354 /* CLIPSRunnerApp.swift */; };
		AB958B042C0F926400D36354 /* CLIPSRunnerDocument.swift in Sources */ = {isa = PBXBuildFile; fileRef = AB958B032C0F926400D36354 /* CLIPSRunnerDocument.swift */; };
		AB958B062C0F926400D36354 /* ContentView.swift in Sources */ = {isa = PBXBuildFile; fileRef = AB958B052C0F926400D36354 /* ContentView.swift */; };
		AB958B082C0F926800D36354 /* Assets.xcassets in Resources */ = {isa = PBXBuildFile; fileRef = AB958B072C0F926800D36354 /* Assets.xcassets */; };
		AB958B0B2C0F926800D36354 /* Preview Assets.xcassets in Resources */ = {isa = PBXBuildFile; fileRef = AB958B0A2C0F926800D36354 /* Preview Assets.xcassets */; };
/* End PBXBuildFile section */

/* Begin PBXFileReference section */
		AB85CE622C87B43F002259E9 /* clips-rules-kit */ = {isa = PBXFileReference; lastKnownFileType = wrapper; name = "clips-rules-kit"; path = ..; sourceTree = "<group>"; };
		AB958AFE2C0F926400D36354 /* CLIPSRunner.app */ = {isa = PBXFileReference; explicitFileType = wrapper.application; includeInIndex = 0; path = CLIPSRunner.app; sourceTree = BUILT_PRODUCTS_DIR; };
		AB958B012C0F926400D36354 /* CLIPSRunnerApp.swift */ = {isa = PBXFileReference; lastKnownFileType = sourcecode.swift; path = CLIPSRunnerApp.swift; sourceTree = "<group>"; };
		AB958B032C0F926400D36354 /* CLIPSRunnerDocument.swift */ = {isa = PBXFileReference; lastKnownFileType = sourcecode.swift; path = CLIPSRunnerDocument.swift; sourceTree = "<group>"; };
		AB958B052C0F926400D36354 /* ContentView.swift */ = {isa = PBXFileReference; lastKnownFileType = sourcecode.swift; path = ContentView.swift; sourceTree = "<group>"; };
		AB958B072C0F926800D36354 /* Assets.xcassets */ = {isa = PBXFileReference; lastKnownFileType = folder.assetcatalog; path = Assets.xcassets; sourceTree = "<group>"; };
		AB958B0A2C0F926800D36354 /* Preview Assets.xcassets */ = {isa = PBXFileReference; lastKnownFileType = folder.assetcatalog; path = "Preview Assets.xcassets"; sourceTree = "<group>"; };
		AB958B0C2C0F926800D36354 /* Info.plist */ = {isa = PBXFileReference; lastKnownFileType = text.plist.xml; path = Info.plist; sourceTree = "<group>"; };
		AB958B0D2C0F926800D36354 /* CLIPSRunner.entitlements */ = {isa = PBXFileReference; lastKnownFileType = text.plist.entitlements; path = CLIPSRunner.entitlements; sourceTree = "<group>"; };
/* End PBXFileReference section */

/* Begin PBXFrameworksBuildPhase section */
		AB958AFB2C0F926400D36354 /* Frameworks */ = {
			isa = PBXFrameworksBuildPhase;
			buildActionMask = 2147483647;
			files = (
				AB85CE672C87B5DE002259E9 /* CLIPSRules in Frameworks */,
				AB85CE652C87B5DE002259E9 /* CLIPSCore in Frameworks */,
			);
			runOnlyForDeploymentPostprocessing = 0;
		};
/* End PBXFrameworksBuildPhase section */

/* Begin PBXGroup section */
		AB85CE632C87B5DE002259E9 /* Frameworks */ = {
			isa = PBXGroup;
			children = (
			);
			name = Frameworks;
			sourceTree = "<group>";
		};
		AB958AF52C0F926400D36354 = {
			isa = PBXGroup;
			children = (
				AB85CE622C87B43F002259E9 /* clips-rules-kit */,
				AB958B002C0F926400D36354 /* CLIPSRunner */,
				AB958AFF2C0F926400D36354 /* Products */,
				AB85CE632C87B5DE002259E9 /* Frameworks */,
			);
			sourceTree = "<group>";
		};
		AB958AFF2C0F926400D36354 /* Products */ = {
			isa = PBXGroup;
			children = (
				AB958AFE2C0F926400D36354 /* CLIPSRunner.app */,
			);
			name = Products;
			sourceTree = "<group>";
		};
		AB958B002C0F926400D36354 /* CLIPSRunner */ = {
			isa = PBXGroup;
			children = (
				AB958B012C0F926400D36354 /* CLIPSRunnerApp.swift */,
				AB958B032C0F926400D36354 /* CLIPSRunnerDocument.swift */,
				AB958B052C0F926400D36354 /* ContentView.swift */,
				AB958B072C0F926800D36354 /* Assets.xcassets */,
				AB958B0C2C0F926800D36354 /* Info.plist */,
				AB958B0D2C0F926800D36354 /* CLIPSRunner.entitlements */,
				AB958B092C0F926800D36354 /* Preview Content */,
			);
			path = CLIPSRunner;
			sourceTree = "<group>";
		};
		AB958B092C0F926800D36354 /* Preview Content */ = {
			isa = PBXGroup;
			children = (
				AB958B0A2C0F926800D36354 /* Preview Assets.xcassets */,
			);
			path = "Preview Content";
			sourceTree = "<group>";
		};
/* End PBXGroup section */

/* Begin PBXNativeTarget section */
		AB958AFD2C0F926400D36354 /* CLIPSRunner */ = {
			isa = PBXNativeTarget;
			buildConfigurationList = AB958B102C0F926800D36354 /* Build configuration list for PBXNativeTarget "CLIPSRunner" */;
			buildPhases = (
				AB958AFA2C0F926400D36354 /* Sources */,
				AB958AFB2C0F926400D36354 /* Frameworks */,
				AB958AFC2C0F926400D36354 /* Resources */,
			);
			buildRules = (
			);
			dependencies = (
			);
			name = CLIPSRunner;
			packageProductDependencies = (
				AB85CE642C87B5DE002259E9 /* CLIPSCore */,
				AB85CE662C87B5DE002259E9 /* CLIPSRules */,
			);
			productName = CLIPSRunner;
			productReference = AB958AFE2C0F926400D36354 /* CLIPSRunner.app */;
			productType = "com.apple.product-type.application";
		};
/* End PBXNativeTarget section */

/* Begin PBXProject section */
		AB958AF62C0F926400D36354 /* Project object */ = {
			isa = PBXProject;
			attributes = {
				BuildIndependentTargetsInParallel = 1;
				LastSwiftUpdateCheck = 1540;
				LastUpgradeCheck = 1540;
				TargetAttributes = {
					AB958AFD2C0F926400D36354 = {
						CreatedOnToolsVersion = 15.4;
					};
				};
			};
			buildConfigurationList = AB958AF92C0F926400D36354 /* Build configuration list for PBXProject "CLIPSRunner" */;
			compatibilityVersion = "Xcode 14.0";
			developmentRegion = en;
			hasScannedForEncodings = 0;
			knownRegions = (
				en,
				Base,
			);
			mainGroup = AB958AF52C0F926400D36354;
			productRefGroup = AB958AFF2C0F926400D36354 /* Products */;
			projectDirPath = "";
			projectRoot = "";
			targets = (
				AB958AFD2C0F926400D36354 /* CLIPSRunner */,
			);
		};
/* End PBXProject section */

/* Begin PBXResourcesBuildPhase section */
		AB958AFC2C0F926400D36354 /* Resources */ = {
			isa = PBXResourcesBuildPhase;
			buildActionMask = 2147483647;
			files = (
				AB958B0B2C0F926800D36354 /* Preview Assets.xcassets in Resources */,
				AB958B082C0F926800D36354 /* Assets.xcassets in Resources */,
			);
			runOnlyForDeploymentPostprocessing = 0;
		};
/* End PBXResourcesBuildPhase section */

/* Begin PBXSourcesBuildPhase section */
		AB958AFA2C0F926400D36354 /* Sources */ = {
			isa = PBXSourcesBuildPhase;
			buildActionMask = 2147483647;
			files = (
				AB958B042C0F926400D36354 /* CLIPSRunnerDocument.swift in Sources */,
				AB958B022C0F926400D36354 /* CLIPSRunnerApp.swift in Sources */,
				AB958B062C0F926400D36354 /* ContentView.swift in Sources */,
			);
			runOnlyForDeploymentPostprocessing = 0;
		};
/* End PBXSourcesBuildPhase section */

/* Begin XCBuildConfiguration section */
		AB958B0E2C0F926800D36354 /* Debug */ = {
			isa = XCBuildConfiguration;
			buildSettings = {
				ALWAYS_SEARCH_USER_PATHS = NO;
				ASSETCATALOG_COMPILER_GENERATE_SWIFT_ASSET_SYMBOL_EXTENSIONS = YES;
				CLANG_ANALYZER_NONNULL = YES;
				CLANG_ANALYZER_NUMBER_OBJECT_CONVERSION = YES_AGGRESSIVE;
				CLANG_CXX_LANGUAGE_STANDARD = "gnu++20";
				CLANG_ENABLE_MODULES = YES;
				CLANG_ENABLE_OBJC_ARC = YES;
				CLANG_ENABLE_OBJC_WEAK = YES;
				CLANG_WARN_BLOCK_CAPTURE_AUTORELEASING = YES;
				CLANG_WARN_BOOL_CONVERSION = YES;
				CLANG_WARN_COMMA = YES;
				CLANG_WARN_CONSTANT_CONVERSION = YES;
				CLANG_WARN_DEPRECATED_OBJC_IMPLEMENTATIONS = YES;
				CLANG_WARN_DIRECT_OBJC_ISA_USAGE = YES_ERROR;
				CLANG_WARN_DOCUMENTATION_COMMENTS = YES;
				CLANG_WARN_EMPTY_BODY = YES;
				CLANG_WARN_ENUM_CONVERSION = YES;
				CLANG_WARN_INFINITE_RECURSION = YES;
				CLANG_WARN_INT_CONVERSION = YES;
				CLANG_WARN_NON_LITERAL_NULL_CONVERSION = YES;
				CLANG_WARN_OBJC_IMPLICIT_RETAIN_SELF = YES;
				CLANG_WARN_OBJC_LITERAL_CONVERSION = YES;
				CLANG_WARN_OBJC_ROOT_CLASS = YES_ERROR;
				CLANG_WARN_QUOTED_INCLUDE_IN_FRAMEWORK_HEADER = YES;
				CLANG_WARN_RANGE_LOOP_ANALYSIS = YES;
				CLANG_WARN_STRICT_PROTOTYPES = YES;
				CLANG_WARN_SUSPICIOUS_MOVE = YES;
				CLANG_WARN_UNGUARDED_AVAILABILITY = YES_AGGRESSIVE;
				CLANG_WARN_UNREACHABLE_CODE = YES;
				CLANG_WARN__DUPLICATE_METHOD_MATCH = YES;
				COPY_PHASE_STRIP = NO;
				DEBUG_INFORMATION_FORMAT = dwarf;
				ENABLE_STRICT_OBJC_MSGSEND = YES;
				ENABLE_TESTABILITY = YES;
				ENABLE_USER_SCRIPT_SANDBOXING = YES;
				GCC_C_LANGUAGE_STANDARD = gnu17;
				GCC_DYNAMIC_NO_PIC = NO;
				GCC_NO_COMMON_BLOCKS = YES;
				GCC_OPTIMIZATION_LEVEL = 0;
				GCC_PREPROCESSOR_DEFINITIONS = (
					"DEBUG=1",
					"$(inherited)",
				);
				GCC_WARN_64_TO_32_BIT_CONVERSION = YES;
				GCC_WARN_ABOUT_RETURN_TYPE = YES_ERROR;
				GCC_WARN_UNDECLARED_SELECTOR = YES;
				GCC_WARN_UNINITIALIZED_AUTOS = YES_AGGRESSIVE;
				GCC_WARN_UNUSED_FUNCTION = YES;
				GCC_WARN_UNUSED_VARIABLE = YES;
				LOCALIZATION_PREFERS_STRING_CATALOGS = YES;
				MACOSX_DEPLOYMENT_TARGET = 14.5;
				MTL_ENABLE_DEBUG_INFO = INCLUDE_SOURCE;
				MTL_FAST_MATH = YES;
				ONLY_ACTIVE_ARCH = YES;
				SDKROOT = macosx;
				SWIFT_ACTIVE_COMPILATION_CONDITIONS = "DEBUG $(inherited)";
				SWIFT_OPTIMIZATION_LEVEL = "-Onone";
			};
			name = Debug;
		};
		AB958B0F2C0F926800D36354 /* Release */ = {
			isa = XCBuildConfiguration;
			buildSettings = {
				ALWAYS_SEARCH_USER_PATHS = NO;
				ASSETCATALOG_COMPILER_GENERATE_SWIFT_ASSET_SYMBOL_EXTENSIONS = YES;
				CLANG_ANALYZER_NONNULL = YES;
				CLANG_ANALYZER_NUMBER_OBJECT_CONVERSION = YES_AGGRESSIVE;
				CLANG_CXX_LANGUAGE_STANDARD = "gnu++20";
				CLANG_ENABLE_MODULES = YES;
				CLANG_ENABLE_OBJC_ARC = YES;
				CLANG_ENABLE_OBJC_WEAK = YES;
				CLANG_WARN_BLOCK_CAPTURE_AUTORELEASING = YES;
				CLANG_WARN_BOOL_CONVERSION = YES;
				CLANG_WARN_COMMA = YES;
				CLANG_WARN_CONSTANT_CONVERSION = YES;
				CLANG_WARN_DEPRECATED_OBJC_IMPLEMENTATIONS = YES;
				CLANG_WARN_DIRECT_OBJC_ISA_USAGE = YES_ERROR;
				CLANG_WARN_DOCUMENTATION_COMMENTS = YES;
				CLANG_WARN_EMPTY_BODY = YES;
				CLANG_WARN_ENUM_CONVERSION = YES;
				CLANG_WARN_INFINITE_RECURSION = YES;
				CLANG_WARN_INT_CONVERSION = YES;
				CLANG_WARN_NON_LITERAL_NULL_CONVERSION = YES;
				CLANG_WARN_OBJC_IMPLICIT_RETAIN_SELF = YES;
				CLANG_WARN_OBJC_LITERAL_CONVERSION = YES;
				CLANG_WARN_OBJC_ROOT_CLASS = YES_ERROR;
				CLANG_WARN_QUOTED_INCLUDE_IN_FRAMEWORK_HEADER = YES;
				CLANG_WARN_RANGE_LOOP_ANALYSIS = YES;
				CLANG_WARN_STRICT_PROTOTYPES = YES;
				CLANG_WARN_SUSPICIOUS_MOVE = YES;
				CLANG_WARN_UNGUARDED_AVAILABILITY = YES_AGGRESSIVE;
				CLANG_WARN_UNREACHABLE_CODE = YES;
				CLANG_WARN__DUPLICATE_METHOD_MATCH = YES;
				COPY_PHASE_STRIP = NO;
				DEBUG_INFORMATION_FORMAT = "dwarf-with-dsym";
				ENABLE_NS_ASSERTIONS = NO;
				ENABLE_STRICT_OBJC_MSGSEND = YES;
				ENABLE_USER_SCRIPT_SANDBOXING = YES;
				GCC_C_LANGUAGE_STANDARD = gnu17;
				GCC_NO_COMMON_BLOCKS = YES;
				GCC_WARN_64_TO_32_BIT_CONVERSION = YES;
				GCC_WARN_ABOUT_RETURN_TYPE = YES_ERROR;
				GCC_WARN_UNDECLARED_SELECTOR = YES;
				GCC_WARN_UNINITIALIZED_AUTOS = YES_AGGRESSIVE;
				GCC_WARN_UNUSED_FUNCTION = YES;
				GCC_WARN_UNUSED_VARIABLE = YES;
				LOCALIZATION_PREFERS_STRING_CATALOGS = YES;
				MACOSX_DEPLOYMENT_TARGET = 14.5;
				MTL_ENABLE_DEBUG_INFO = NO;
				MTL_FAST_MATH = YES;
				SDKROOT = macosx;
				SWIFT_COMPILATION_MODE = wholemodule;
			};
			name = Release;
		};
		AB958B112C0F926800D36354 /* Debug */ = {
			isa = XCBuildConfiguration;
			buildSettings = {
				ASSETCATALOG_COMPILER_APPICON_NAME = AppIcon;
				ASSETCATALOG_COMPILER_GLOBAL_ACCENT_COLOR_NAME = AccentColor;
				CODE_SIGN_ENTITLEMENTS = CLIPSRunner/CLIPSRunner.entitlements;
				CODE_SIGN_STYLE = Automatic;
				COMBINE_HIDPI_IMAGES = YES;
				CURRENT_PROJECT_VERSION = 1;
				DEVELOPMENT_ASSET_PATHS = "\"CLIPSRunner/Preview Content\"";
				DEVELOPMENT_TEAM = PYCCFGCM94;
				ENABLE_HARDENED_RUNTIME = YES;
				ENABLE_PREVIEWS = YES;
				GENERATE_INFOPLIST_FILE = YES;
				INFOPLIST_FILE = CLIPSRunner/Info.plist;
				INFOPLIST_KEY_NSHumanReadableCopyright = "";
				LD_RUNPATH_SEARCH_PATHS = (
					"$(inherited)",
					"@executable_path/../Frameworks",
				);
				MARKETING_VERSION = 1.0;
				PRODUCT_BUNDLE_IDENTIFIER = epistem.CLIPSRunner;
				PRODUCT_NAME = "$(TARGET_NAME)";
				SWIFT_EMIT_LOC_STRINGS = YES;
				SWIFT_VERSION = 5.0;
			};
			name = Debug;
		};
		AB958B122C0F926800D36354 /* Release */ = {
			isa = XCBuildConfiguration;
			buildSettings = {
				ASSETCATALOG_COMPILER_APPICON_NAME = AppIcon;
				ASSETCATALOG_COMPILER_GLOBAL_ACCENT_COLOR_NAME = AccentColor;
				CODE_SIGN_ENTITLEMENTS = CLIPSRunner/CLIPSRunner.entitlements;
				CODE_SIGN_STYLE = Automatic;
				COMBINE_HIDPI_IMAGES = YES;
				CURRENT_PROJECT_VERSION = 1;
				DEVELOPMENT_ASSET_PATHS = "\"CLIPSRunner/Preview Content\"";
				DEVELOPMENT_TEAM = PYCCFGCM94;
				ENABLE_HARDENED_RUNTIME = YES;
				ENABLE_PREVIEWS = YES;
				GENERATE_INFOPLIST_FILE = YES;
				INFOPLIST_FILE = CLIPSRunner/Info.plist;
				INFOPLIST_KEY_NSHumanReadableCopyright = "";
				LD_RUNPATH_SEARCH_PATHS = (
					"$(inherited)",
					"@executable_path/../Frameworks",
				);
				MARKETING_VERSION = 1.0;
				PRODUCT_BUNDLE_IDENTIFIER = epistem.CLIPSRunner;
				PRODUCT_NAME = "$(TARGET_NAME)";
				SWIFT_EMIT_LOC_STRINGS = YES;
				SWIFT_VERSION = 5.0;
			};
			name = Release;
		};
/* End XCBuildConfiguration section */

/* Begin XCConfigurationList section */
		AB958AF92C0F926400D36354 /* Build configuration list for PBXProject "CLIPSRunner" */ = {
			isa = XCConfigurationList;
			buildConfigurations = (
				AB958B0E2C0F926800D36354 /* Debug */,
				AB958B0F2C0F926800D36354 /* Release */,
			);
			defaultConfigurationIsVisible = 0;
			defaultConfigurationName = Release;
		};
		AB958B102C0F926800D36354 /* Build configuration list for PBXNativeTarget "CLIPSRunner" */ = {
			isa = XCConfigurationList;
			buildConfigurations = (
				AB958B112C0F926800D36354 /* Debug */,
				AB958B122C0F926800D36354 /* Release */,
			);
			defaultConfigurationIsVisible = 0;
			defaultConfigurationName = Release;
		};
/* End XCConfigurationList section */

/* Begin XCSwiftPackageProductDependency section */
		AB85CE642C87B5DE002259E9 /* CLIPSCore */ = {
			isa = XCSwiftPackageProductDependency;
			productName = CLIPSCore;
		};
		AB85CE662C87B5DE002259E9 /* CLIPSRules */ = {
			isa = XCSwiftPackageProductDependency;
			productName = CLIPSRules;
		};
/* End XCSwiftPackageProductDependency section */
	};
	rootObject = AB958AF62C0F926400D36354 /* Project object */;
}
